
Microsoft Visual Studio Solution File, Format Version 12.00
# Visual Studio Version 16
VisualStudioVersion = 16.0.31229.75
MinimumVisualStudioVersion = 10.0.40219.1
Project("{FAE04EC0-301F-11D3-BF4B-00C04F79EFBC}") = "PwM", "PwM\PwM.csproj", "{757597EC-CE6F-4648-B0C8-E71CB31B73BC}"
EndProject
Project("{FAE04EC0-301F-11D3-BF4B-00C04F79EFBC}") = "Unit.Tests", "Unit.Tests\Unit.Tests.csproj", "{9E3F8EE7-1EDB-41F5-8814-32BB076E8899}"
EndProject
Project("{FAE04EC0-301F-11D3-BF4B-00C04F79EFBC}") = "PwM_CLI", "PwM_CLI\PwM_CLI.csproj", "{B5AC9264-9D29-4C37-9E5B-749B373973E1}"
EndProject
Project("{FAE04EC0-301F-11D3-BF4B-00C04F79EFBC}") = "PwMLib", "PwMLib\PwMLib.csproj", "{A222CB64-FD79-41C2-BCA3-1380007336C8}"
EndProject
Global
	GlobalSection(SolutionConfigurationPlatforms) = preSolution
		Debug|Any CPU = Debug|Any CPU
		Debug|x86 = Debug|x86
		Release|Any CPU = Release|Any CPU
		Release|x86 = Release|x86
	EndGlobalSection
	GlobalSection(ProjectConfigurationPlatforms) = postSolution
		{757597EC-CE6F-4648-B0C8-E71CB31B73BC}.Debug|Any CPU.ActiveCfg = Debug|Any CPU
		{757597EC-CE6F-4648-B0C8-E71CB31B73BC}.Debug|Any CPU.Build.0 = Debug|Any CPU
		{757597EC-CE6F-4648-B0C8-E71CB31B73BC}.Debug|x86.ActiveCfg = Debug|Any CPU
		{757597EC-CE6F-4648-B0C8-E71CB31B73BC}.Debug|x86.Build.0 = Debug|Any CPU
		{757597EC-CE6F-4648-B0C8-E71CB31B73BC}.Release|Any CPU.ActiveCfg = Release|Any CPU
		{757597EC-CE6F-4648-B0C8-E71CB31B73BC}.Release|Any CPU.Build.0 = Release|Any CPU
		{757597EC-CE6F-4648-B0C8-E71CB31B73BC}.Release|x86.ActiveCfg = Release|Any CPU
		{757597EC-CE6F-4648-B0C8-E71CB31B73BC}.Release|x86.Build.0 = Release|Any CPU
		{9E3F8EE7-1EDB-41F5-8814-32BB076E8899}.Debug|Any CPU.ActiveCfg = Debug|Any CPU
		{9E3F8EE7-1EDB-41F5-8814-32BB076E8899}.Debug|Any CPU.Build.0 = Debug|Any CPU
		{9E3F8EE7-1EDB-41F5-8814-32BB076E8899}.Debug|x86.ActiveCfg = Debug|Any CPU
		{9E3F8EE7-1EDB-41F5-8814-32BB076E8899}.Debug|x86.Build.0 = Debug|Any CPU
		{9E3F8EE7-1EDB-41F5-8814-32BB076E8899}.Release|Any CPU.ActiveCfg = Release|Any CPU
		{9E3F8EE7-1EDB-41F5-8814-32BB076E8899}.Release|Any CPU.Build.0 = Release|Any CPU
		{9E3F8EE7-1EDB-41F5-8814-32BB076E8899}.Release|x86.ActiveCfg = Release|Any CPU
		{9E3F8EE7-1EDB-41F5-8814-32BB076E8899}.Release|x86.Build.0 = Release|Any CPU
		{B5AC9264-9D29-4C37-9E5B-749B373973E1}.Debug|Any CPU.ActiveCfg = Debug|x86
		{B5AC9264-9D29-4C37-9E5B-749B373973E1}.Debug|x86.ActiveCfg = Debug|x86
		{B5AC9264-9D29-4C37-9E5B-749B373973E1}.Debug|x86.Build.0 = Debug|x86
		{B5AC9264-9D29-4C37-9E5B-749B373973E1}.Release|Any CPU.ActiveCfg = Release|x86
		{B5AC9264-9D29-4C37-9E5B-749B373973E1}.Release|x86.ActiveCfg = Release|x86
		{B5AC9264-9D29-4C37-9E5B-749B373973E1}.Release|x86.Build.0 = Release|x86
		{A222CB64-FD79-41C2-BCA3-1380007336C8}.Debug|Any CPU.ActiveCfg = Debug|Any CPU
		{A222CB64-FD79-41C2-BCA3-1380007336C8}.Debug|Any CPU.Build.0 = Debug|Any CPU
		{A222CB64-FD79-41C2-BCA3-1380007336C8}.Debug|x86.ActiveCfg = Debug|Any CPU
		{A222CB64-FD79-41C2-BCA3-1380007336C8}.Debug|x86.Build.0 = Debug|Any CPU
		{A222CB64-FD79-41C2-BCA3-1380007336C8}.Release|Any CPU.ActiveCfg = Release|Any CPU
		{A222CB64-FD79-41C2-BCA3-1380007336C8}.Release|Any CPU.Build.0 = Release|Any CPU
		{A222CB64-FD79-41C2-BCA3-1380007336C8}.Release|x86.ActiveCfg = Release|Any CPU
		{A222CB64-FD79-41C2-BCA3-1380007336C8}.Release|x86.Build.0 = Release|Any CPU
	EndGlobalSection
	GlobalSection(SolutionProperties) = preSolution
		HideSolutionNode = FALSE
	EndGlobalSection
	GlobalSection(ExtensibilityGlobals) = postSolution
		SolutionGuid = {D53A669E-193D-456D-ACC7-19B162BA8667}
	EndGlobalSection
EndGlobal
